
Microsoft Visual Studio Solution File, Format Version 12.00
# Visual Studio Version 17
VisualStudioVersion = 17.6.33723.286
MinimumVisualStudioVersion = 10.0.40219.1
Project("{FAE04EC0-301F-11D3-BF4B-00C04F79EFBC}") = "FeralBoutique", "FeralBoutique\FeralBoutique.csproj", "{B9FA8DC5-CB59-47FD-9B2C-440F0E09D5C0}"
EndProject
Project("{FAE04EC0-301F-11D3-BF4B-00C04F79EFBC}") = "GestionBD", "GestionBD\GestionBD.csproj", "{8C4F2670-EE8B-482E-91CC-94E779D5CA55}"
EndProject
Project("{FAE04EC0-301F-11D3-BF4B-00C04F79EFBC}") = "TestProjets", "TestProjets\TestProjets.csproj", "{28761F18-BFCC-41E9-9BA6-480DD335D5E1}"
EndProject
Global
	GlobalSection(SolutionConfigurationPlatforms) = preSolution
		Debug|Any CPU = Debug|Any CPU
		Release|Any CPU = Release|Any CPU
	EndGlobalSection
	GlobalSection(ProjectConfigurationPlatforms) = postSolution
		{B9FA8DC5-CB59-47FD-9B2C-440F0E09D5C0}.Debug|Any CPU.ActiveCfg = Debug|Any CPU
		{B9FA8DC5-CB59-47FD-9B2C-440F0E09D5C0}.Debug|Any CPU.Build.0 = Debug|Any CPU
		{B9FA8DC5-CB59-47FD-9B2C-440F0E09D5C0}.Release|Any CPU.ActiveCfg = Release|Any CPU
		{B9FA8DC5-CB59-47FD-9B2C-440F0E09D5C0}.Release|Any CPU.Build.0 = Release|Any CPU
		{8C4F2670-EE8B-482E-91CC-94E779D5CA55}.Debug|Any CPU.ActiveCfg = Debug|Any CPU
		{8C4F2670-EE8B-482E-91CC-94E779D5CA55}.Debug|Any CPU.Build.0 = Debug|Any CPU
		{8C4F2670-EE8B-482E-91CC-94E779D5CA55}.Release|Any CPU.ActiveCfg = Release|Any CPU
		{8C4F2670-EE8B-482E-91CC-94E779D5CA55}.Release|Any CPU.Build.0 = Release|Any CPU
		{28761F18-BFCC-41E9-9BA6-480DD335D5E1}.Debug|Any CPU.ActiveCfg = Debug|Any CPU
		{28761F18-BFCC-41E9-9BA6-480DD335D5E1}.Debug|Any CPU.Build.0 = Debug|Any CPU
		{28761F18-BFCC-41E9-9BA6-480DD335D5E1}.Release|Any CPU.ActiveCfg = Release|Any CPU
		{28761F18-BFCC-41E9-9BA6-480DD335D5E1}.Release|Any CPU.Build.0 = Release|Any CPU
	EndGlobalSection
	GlobalSection(SolutionProperties) = preSolution
		HideSolutionNode = FALSE
	EndGlobalSection
	GlobalSection(ExtensibilityGlobals) = postSolution
		SolutionGuid = {C3B0737A-8C20-4D6A-A562-61E38B7C0DE1}
	EndGlobalSection
EndGlobal
